
Microsoft Visual Studio Solution File, Format Version 12.00
# Visual Studio 2012
Project("{FAE04EC0-301F-11D3-BF4B-00C04F79EFBC}") = "Vt7", "Vt7\Vt7.csproj", "{68A43F9E-0DDF-4569-95E9-DFD833F82F08}"
EndProject
Global
	GlobalSection(SolutionConfigurationPlatforms) = preSolution
		Debug|Any CPU = Debug|Any CPU
		Release|Any CPU = Release|Any CPU
	EndGlobalSection
	GlobalSection(ProjectConfigurationPlatforms) = postSolution
		{68A43F9E-0DDF-4569-95E9-DFD833F82F08}.Debug|Any CPU.ActiveCfg = Debug|Any CPU
		{68A43F9E-0DDF-4569-95E9-DFD833F82F08}.Debug|Any CPU.Build.0 = Debug|Any CPU
		{68A43F9E-0DDF-4569-95E9-DFD833F82F08}.Release|Any CPU.ActiveCfg = Release|Any CPU
		{68A43F9E-0DDF-4569-95E9-DFD833F82F08}.Release|Any CPU.Build.0 = Release|Any CPU
	EndGlobalSection
	GlobalSection(SolutionProperties) = preSolution
		HideSolutionNode = FALSE
	EndGlobalSection
EndGlobal
