
Microsoft Visual Studio Solution File, Format Version 12.00
# Visual Studio 2012
Project("{FAE04EC0-301F-11D3-BF4B-00C04F79EFBC}") = "Viikkotehtava2", "Viikkotehtava2\Viikkotehtava2.csproj", "{9A80F3C1-68C1-4C32-B288-D7C63F5073A6}"
EndProject
Project("{FAE04EC0-301F-11D3-BF4B-00C04F79EFBC}") = "Aikakomponentti", "Aikakomponentti\Aikakomponentti.csproj", "{245A224D-9E06-45CC-AB16-03E12E092032}"
EndProject
Project("{FAE04EC0-301F-11D3-BF4B-00C04F79EFBC}") = "Ajastinkomponentti", "Ajastinkomponentti\Ajastinkomponentti.csproj", "{7084DA88-DD4D-49E9-8562-7D4FD27C350E}"
EndProject
Global
	GlobalSection(SolutionConfigurationPlatforms) = preSolution
		Debug|Any CPU = Debug|Any CPU
		Release|Any CPU = Release|Any CPU
	EndGlobalSection
	GlobalSection(ProjectConfigurationPlatforms) = postSolution
		{9A80F3C1-68C1-4C32-B288-D7C63F5073A6}.Debug|Any CPU.ActiveCfg = Debug|Any CPU
		{9A80F3C1-68C1-4C32-B288-D7C63F5073A6}.Debug|Any CPU.Build.0 = Debug|Any CPU
		{9A80F3C1-68C1-4C32-B288-D7C63F5073A6}.Release|Any CPU.ActiveCfg = Release|Any CPU
		{9A80F3C1-68C1-4C32-B288-D7C63F5073A6}.Release|Any CPU.Build.0 = Release|Any CPU
		{245A224D-9E06-45CC-AB16-03E12E092032}.Debug|Any CPU.ActiveCfg = Debug|Any CPU
		{245A224D-9E06-45CC-AB16-03E12E092032}.Debug|Any CPU.Build.0 = Debug|Any CPU
		{245A224D-9E06-45CC-AB16-03E12E092032}.Release|Any CPU.ActiveCfg = Release|Any CPU
		{245A224D-9E06-45CC-AB16-03E12E092032}.Release|Any CPU.Build.0 = Release|Any CPU
		{7084DA88-DD4D-49E9-8562-7D4FD27C350E}.Debug|Any CPU.ActiveCfg = Debug|Any CPU
		{7084DA88-DD4D-49E9-8562-7D4FD27C350E}.Debug|Any CPU.Build.0 = Debug|Any CPU
		{7084DA88-DD4D-49E9-8562-7D4FD27C350E}.Release|Any CPU.ActiveCfg = Release|Any CPU
		{7084DA88-DD4D-49E9-8562-7D4FD27C350E}.Release|Any CPU.Build.0 = Release|Any CPU
	EndGlobalSection
	GlobalSection(SolutionProperties) = preSolution
		HideSolutionNode = FALSE
	EndGlobalSection
EndGlobal
